
Microsoft Visual Studio Solution File, Format Version 12.00
# Visual Studio Version 17
VisualStudioVersion = 17.4.33213.308
MinimumVisualStudioVersion = 10.0.40219.1
Project("{FAE04EC0-301F-11D3-BF4B-00C04F79EFBC}") = "ProccesFlowTraning", "ProccesFlowTraning\ProccesFlowTraning.csproj", "{4B0A8DC2-452F-4BFF-9B3A-3A646D41B4F2}"
EndProject
Global
	GlobalSection(SolutionConfigurationPlatforms) = preSolution
		Debug|Any CPU = Debug|Any CPU
		Release|Any CPU = Release|Any CPU
	EndGlobalSection
	GlobalSection(ProjectConfigurationPlatforms) = postSolution
		{4B0A8DC2-452F-4BFF-9B3A-3A646D41B4F2}.Debug|Any CPU.ActiveCfg = Debug|Any CPU
		{4B0A8DC2-452F-4BFF-9B3A-3A646D41B4F2}.Debug|Any CPU.Build.0 = Debug|Any CPU
		{4B0A8DC2-452F-4BFF-9B3A-3A646D41B4F2}.Release|Any CPU.ActiveCfg = Release|Any CPU
		{4B0A8DC2-452F-4BFF-9B3A-3A646D41B4F2}.Release|Any CPU.Build.0 = Release|Any CPU
	EndGlobalSection
	GlobalSection(SolutionProperties) = preSolution
		HideSolutionNode = FALSE
	EndGlobalSection
	GlobalSection(ExtensibilityGlobals) = postSolution
		SolutionGuid = {19375105-7391-456A-B46D-92E3F3FE16CF}
	EndGlobalSection
EndGlobal
